PODS:
  - Flutter (1.0.0)
  - flutter_aliyun_identity (0.0.1):
    - Flutter

DEPENDENCIES:
  - Flutter (from `Flutter`)
  - flutter_aliyun_identity (from `.symlinks/plugins/flutter_aliyun_identity/ios`)

EXTERNAL SOURCES:
  Flutter:
    :path: Flutter
  flutter_aliyun_identity:
    :path: ".symlinks/plugins/flutter_aliyun_identity/ios"

SPEC CHECKSUMS:
  Flutter: 50d75fe2f02b26cc09d224853bb45737f8b3214a
  flutter_aliyun_identity: b4b6bc8e88eaadc27447f7c7f80931d713c79bf0

PODFILE CHECKSUM: 8e679eca47255a8ca8067c4c67aab20e64cb974d

COCOAPODS: 1.11.2
